
Microsoft Visual Studio Solution File, Format Version 12.00
# Visual Studio Version 18
VisualStudioVersion = 18.6.11819.183 stable
MinimumVisualStudioVersion = 10.0.40219.1
Project("{FAE04EC0-301F-11D3-BF4B-00C04F79EFBC}") = "WorkspaceManagement.Api", "WorkspaceManagement.Api\WorkspaceManagement.Api.csproj", "{803FD4AA-8A7B-43BE-9E75-CA020FD00850}"
EndProject
Project("{FAE04EC0-301F-11D3-BF4B-00C04F79EFBC}") = "WorkspaceManagement.Domain", "WorkspaceManagement.Domain\WorkspaceManagement.Domain.csproj", "{CDE346B5-A607-4D3C-ADF3-BDB16C38062E}"
EndProject
Project("{FAE04EC0-301F-11D3-BF4B-00C04F79EFBC}") = "WorkspaceManagement.Application", "WorkspaceManagement.Application\WorkspaceManagement.Application.csproj", "{778BD629-1DAF-4272-9027-62308723D73D}"
EndProject
Project("{FAE04EC0-301F-11D3-BF4B-00C04F79EFBC}") = "WorkspaceManagement.Infrastructure", "WorkspaceManagement.Infrastructure\WorkspaceManagement.Infrastructure.csproj", "{A929CB87-E7F4-4D74-9A97-D13725111F2F}"
EndProject
Project("{E53339B2-1760-4266-BCC7-CA923CBCF16C}") = "docker-compose", "docker-compose.dcproj", "{81DDED9D-158B-E303-5F62-77A2896D2A5A}"
EndProject
Global
	GlobalSection(SolutionConfigurationPlatforms) = preSolution
		Debug|Any CPU = Debug|Any CPU
		Debug|x64 = Debug|x64
		Debug|x86 = Debug|x86
		Release|Any CPU = Release|Any CPU
		Release|x64 = Release|x64
		Release|x86 = Release|x86
	EndGlobalSection
	GlobalSection(ProjectConfigurationPlatforms) = postSolution
		{803FD4AA-8A7B-43BE-9E75-CA020FD00850}.Debug|Any CPU.ActiveCfg = Debug|Any CPU
		{803FD4AA-8A7B-43BE-9E75-CA020FD00850}.Debug|Any CPU.Build.0 = Debug|Any CPU
		{803FD4AA-8A7B-43BE-9E75-CA020FD00850}.Debug|x64.ActiveCfg = Debug|Any CPU
		{803FD4AA-8A7B-43BE-9E75-CA020FD00850}.Debug|x64.Build.0 = Debug|Any CPU
		{803FD4AA-8A7B-43BE-9E75-CA020FD00850}.Debug|x86.ActiveCfg = Debug|Any CPU
		{803FD4AA-8A7B-43BE-9E75-CA020FD00850}.Debug|x86.Build.0 = Debug|Any CPU
		{803FD4AA-8A7B-43BE-9E75-CA020FD00850}.Release|Any CPU.ActiveCfg = Release|Any CPU
		{803FD4AA-8A7B-43BE-9E75-CA020FD00850}.Release|Any CPU.Build.0 = Release|Any CPU
		{803FD4AA-8A7B-43BE-9E75-CA020FD00850}.Release|x64.ActiveCfg = Release|Any CPU
		{803FD4AA-8A7B-43BE-9E75-CA020FD00850}.Release|x64.Build.0 = Release|Any CPU
		{803FD4AA-8A7B-43BE-9E75-CA020FD00850}.Release|x86.ActiveCfg = Release|Any CPU
		{803FD4AA-8A7B-43BE-9E75-CA020FD00850}.Release|x86.Build.0 = Release|Any CPU
		{CDE346B5-A607-4D3C-ADF3-BDB16C38062E}.Debug|Any CPU.ActiveCfg = Debug|Any CPU
		{CDE346B5-A607-4D3C-ADF3-BDB16C38062E}.Debug|Any CPU.Build.0 = Debug|Any CPU
		{CDE346B5-A607-4D3C-ADF3-BDB16C38062E}.Debug|x64.ActiveCfg = Debug|Any CPU
		{CDE346B5-A607-4D3C-ADF3-BDB16C38062E}.Debug|x64.Build.0 = Debug|Any CPU
		{CDE346B5-A607-4D3C-ADF3-BDB16C38062E}.Debug|x86.ActiveCfg = Debug|Any CPU
		{CDE346B5-A607-4D3C-ADF3-BDB16C38062E}.Debug|x86.Build.0 = Debug|Any CPU
		{CDE346B5-A607-4D3C-ADF3-BDB16C38062E}.Release|Any CPU.ActiveCfg = Release|Any CPU
		{CDE346B5-A607-4D3C-ADF3-BDB16C38062E}.Release|Any CPU.Build.0 = Release|Any CPU
		{CDE346B5-A607-4D3C-ADF3-BDB16C38062E}.Release|x64.ActiveCfg = Release|Any CPU
		{CDE346B5-A607-4D3C-ADF3-BDB16C38062E}.Release|x64.Build.0 = Release|Any CPU
		{CDE346B5-A607-4D3C-ADF3-BDB16C38062E}.Release|x86.ActiveCfg = Release|Any CPU
		{CDE346B5-A607-4D3C-ADF3-BDB16C38062E}.Release|x86.Build.0 = Release|Any CPU
		{778BD629-1DAF-4272-9027-62308723D73D}.Debug|Any CPU.ActiveCfg = Debug|Any CPU
		{778BD629-1DAF-4272-9027-62308723D73D}.Debug|Any CPU.Build.0 = Debug|Any CPU
		{778BD629-1DAF-4272-9027-62308723D73D}.Debug|x64.ActiveCfg = Debug|Any CPU
		{778BD629-1DAF-4272-9027-62308723D73D}.Debug|x64.Build.0 = Debug|Any CPU
		{778BD629-1DAF-4272-9027-62308723D73D}.Debug|x86.ActiveCfg = Debug|Any CPU
		{778BD629-1DAF-4272-9027-62308723D73D}.Debug|x86.Build.0 = Debug|Any CPU
		{778BD629-1DAF-4272-9027-62308723D73D}.Release|Any CPU.ActiveCfg = Release|Any CPU
		{778BD629-1DAF-4272-9027-62308723D73D}.Release|Any CPU.Build.0 = Release|Any CPU
		{778BD629-1DAF-4272-9027-62308723D73D}.Release|x64.ActiveCfg = Release|Any CPU
		{778BD629-1DAF-4272-9027-62308723D73D}.Release|x64.Build.0 = Release|Any CPU
		{778BD629-1DAF-4272-9027-62308723D73D}.Release|x86.ActiveCfg = Release|Any CPU
		{778BD629-1DAF-4272-9027-62308723D73D}.Release|x86.Build.0 = Release|Any CPU
		{A929CB87-E7F4-4D74-9A97-D13725111F2F}.Debug|Any CPU.ActiveCfg = Debug|Any CPU
		{A929CB87-E7F4-4D74-9A97-D13725111F2F}.Debug|Any CPU.Build.0 = Debug|Any CPU
		{A929CB87-E7F4-4D74-9A97-D13725111F2F}.Debug|x64.ActiveCfg = Debug|Any CPU
		{A929CB87-E7F4-4D74-9A97-D13725111F2F}.Debug|x64.Build.0 = Debug|Any CPU
		{A929CB87-E7F4-4D74-9A97-D13725111F2F}.Debug|x86.ActiveCfg = Debug|Any CPU
		{A929CB87-E7F4-4D74-9A97-D13725111F2F}.Debug|x86.Build.0 = Debug|Any CPU
		{A929CB87-E7F4-4D74-9A97-D13725111F2F}.Release|Any CPU.ActiveCfg = Release|Any CPU
		{A929CB87-E7F4-4D74-9A97-D13725111F2F}.Release|Any CPU.Build.0 = Release|Any CPU
		{A929CB87-E7F4-4D74-9A97-D13725111F2F}.Release|x64.ActiveCfg = Release|Any CPU
		{A929CB87-E7F4-4D74-9A97-D13725111F2F}.Release|x64.Build.0 = Release|Any CPU
		{A929CB87-E7F4-4D74-9A97-D13725111F2F}.Release|x86.ActiveCfg = Release|Any CPU
		{A929CB87-E7F4-4D74-9A97-D13725111F2F}.Release|x86.Build.0 = Release|Any CPU
		{81DDED9D-158B-E303-5F62-77A2896D2A5A}.Debug|Any CPU.ActiveCfg = Debug|Any CPU
		{81DDED9D-158B-E303-5F62-77A2896D2A5A}.Debug|Any CPU.Build.0 = Debug|Any CPU
		{81DDED9D-158B-E303-5F62-77A2896D2A5A}.Debug|x64.ActiveCfg = Debug|Any CPU
		{81DDED9D-158B-E303-5F62-77A2896D2A5A}.Debug|x64.Build.0 = Debug|Any CPU
		{81DDED9D-158B-E303-5F62-77A2896D2A5A}.Debug|x86.ActiveCfg = Debug|Any CPU
		{81DDED9D-158B-E303-5F62-77A2896D2A5A}.Debug|x86.Build.0 = Debug|Any CPU
		{81DDED9D-158B-E303-5F62-77A2896D2A5A}.Release|Any CPU.ActiveCfg = Release|Any CPU
		{81DDED9D-158B-E303-5F62-77A2896D2A5A}.Release|Any CPU.Build.0 = Release|Any CPU
		{81DDED9D-158B-E303-5F62-77A2896D2A5A}.Release|x64.ActiveCfg = Release|Any CPU
		{81DDED9D-158B-E303-5F62-77A2896D2A5A}.Release|x64.Build.0 = Release|Any CPU
		{81DDED9D-158B-E303-5F62-77A2896D2A5A}.Release|x86.ActiveCfg = Release|Any CPU
		{81DDED9D-158B-E303-5F62-77A2896D2A5A}.Release|x86.Build.0 = Release|Any CPU
	EndGlobalSection
	GlobalSection(SolutionProperties) = preSolution
		HideSolutionNode = FALSE
	EndGlobalSection
EndGlobal
